PODS:
  - IMHeartRateMonitor (1.0.0)

DEPENDENCIES:
  - IMHeartRateMonitor (from `../IMHeartRateMonitor/`)

EXTERNAL SOURCES:
  IMHeartRateMonitor:
    :path: "../IMHeartRateMonitor/"

SPEC CHECKSUMS:
  IMHeartRateMonitor: 5b9901a6edaf40d3f66cfbf16fd1d4d95e7faa04

PODFILE CHECKSUM: 7d008e04ec4e78bca7c244e6bbfaf395deb120c5

COCOAPODS: 1.8.4
