// !$*UTF8*$!
{
	archiveVersion = 1;
	classes = {
	};
	objectVersion = 51;
	objects = {

/* Begin PBXBuildFile section */
		29AF4521CCDAB5E4F6176A96 /* libPods-IMHeartRateMonitorExample.a in Frameworks */ = {isa = PBXBuildFile; fileRef = 2F8F36141581A9F15D3C8E1A /* libPods-IMHeartRateMonitorExample.a */; };
		843501EB23B247A300D505F1 /* AppDelegate.swift in Sources */ = {isa = PBXBuildFile; fileRef = 843501EA23B247A300D505F1 /* AppDelegate.swift */; };
		843501F423B247A300D505F1 /* Assets.xcassets in Resources */ = {isa = PBXBuildFile; fileRef = 843501F323B247A300D505F1 /* Assets.xcassets */; };
		843501F723B247A300D505F1 /* LaunchScreen.storyboard in Resources */ = {isa = PBXBuildFile; fileRef = 843501F523B247A300D505F1 /* LaunchScreen.storyboard */; };
		843501FF23B2480200D505F1 /* Main.storyboard in Resources */ = {isa = PBXBuildFile; fileRef = 843501FE23B2480200D505F1 /* Main.storyboard */; };
		8435020123B2481100D505F1 /* ViewController.swift in Sources */ = {isa = PBXBuildFile; fileRef = 8435020023B2481100D505F1 /* ViewController.swift */; };
		8435020523B2484000D505F1 /* DeviceTableViewCell.xib in Resources */ = {isa = PBXBuildFile; fileRef = 8435020323B2484000D505F1 /* DeviceTableViewCell.xib */; };
		8435020623B2484000D505F1 /* DeviceTableViewCell.swift in Sources */ = {isa = PBXBuildFile; fileRef = 8435020423B2484000D505F1 /* DeviceTableViewCell.swift */; };
/* End PBXBuildFile section */

/* Begin PBXFileReference section */
		2E56B187DEA10BFEA1221583 /* Pods-IMHeartRateMonitorExample.release.xcconfig */ = {isa = PBXFileReference; includeInIndex = 1; lastKnownFileType = text.xcconfig; name = "Pods-IMHeartRateMonitorExample.release.xcconfig"; path = "Target Support Files/Pods-IMHeartRateMonitorExample/Pods-IMHeartRateMonitorExample.release.xcconfig"; sourceTree = "<group>"; };
		2F8F36141581A9F15D3C8E1A /* libPods-IMHeartRateMonitorExample.a */ = {isa = PBXFileReference; explicitFileType = archive.ar; includeInIndex = 0; path = "libPods-IMHeartRateMonitorExample.a"; sourceTree = BUILT_PRODUCTS_DIR; };
		843501E723B247A300D505F1 /* IMHeartRateMonitorExample.app */ = {isa = PBXFileReference; explicitFileType = wrapper.application; includeInIndex = 0; path = IMHeartRateMonitorExample.app; sourceTree = BUILT_PRODUCTS_DIR; };
		843501EA23B247A300D505F1 /* AppDelegate.swift */ = {isa = PBXFileReference; lastKnownFileType = sourcecode.swift; path = AppDelegate.swift; sourceTree = "<group>"; };
		843501F323B247A300D505F1 /* Assets.xcassets */ = {isa = PBXFileReference; lastKnownFileType = folder.assetcatalog; path = Assets.xcassets; sourceTree = "<group>"; };
		843501F623B247A300D505F1 /* Base */ = {isa = PBXFileReference; lastKnownFileType = file.storyboard; name = Base; path = Base.lproj/LaunchScreen.storyboard; sourceTree = "<group>"; };
		843501F823B247A300D505F1 /* Info.plist */ = {isa = PBXFileReference; lastKnownFileType = text.plist.xml; path = Info.plist; sourceTree = "<group>"; };
		843501FE23B2480200D505F1 /* Main.storyboard */ = {isa = PBXFileReference; fileEncoding = 4; lastKnownFileType = file.storyboard; path = Main.storyboard; sourceTree = "<group>"; };
		8435020023B2481100D505F1 /* ViewController.swift */ = {isa = PBXFileReference; fileEncoding = 4; lastKnownFileType = sourcecode.swift; path = ViewController.swift; sourceTree = "<group>"; };
		8435020323B2484000D505F1 /* DeviceTableViewCell.xib */ = {isa = PBXFileReference; fileEncoding = 4; lastKnownFileType = file.xib; path = DeviceTableViewCell.xib; sourceTree = "<group>"; };
		8435020423B2484000D505F1 /* DeviceTableViewCell.swift */ = {isa = PBXFileReference; fileEncoding = 4; lastKnownFileType = sourcecode.swift; path = DeviceTableViewCell.swift; sourceTree = "<group>"; };
		84F8B84523B38CA000078500 /* IMHeartRateMonitor.swift */ = {isa = PBXFileReference; fileEncoding = 4; lastKnownFileType = sourcecode.swift; path = IMHeartRateMonitor.swift; sourceTree = "<group>"; };
		CFDF29AD6B04B10DB7DB600E /* Pods-IMHeartRateMonitorExample.debug.xcconfig */ = {isa = PBXFileReference; includeInIndex = 1; lastKnownFileType = text.xcconfig; name = "Pods-IMHeartRateMonitorExample.debug.xcconfig"; path = "Target Support Files/Pods-IMHeartRateMonitorExample/Pods-IMHeartRateMonitorExample.debug.xcconfig"; sourceTree = "<group>"; };
/* End PBXFileReference section */

/* Begin PBXFrameworksBuildPhase section */
		843501E423B247A300D505F1 /* Frameworks */ = {
			isa = PBXFrameworksBuildPhase;
			buildActionMask = 2147483647;
			files = (
				29AF4521CCDAB5E4F6176A96 /* libPods-IMHeartRateMonitorExample.a in Frameworks */,
			);
			runOnlyForDeploymentPostprocessing = 0;
		};
/* End PBXFrameworksBuildPhase section */

/* Begin PBXGroup section */
		646363C2ED283739DE72C095 /* Frameworks */ = {
			isa = PBXGroup;
			children = (
				2F8F36141581A9F15D3C8E1A /* libPods-IMHeartRateMonitorExample.a */,
			);
			name = Frameworks;
			sourceTree = "<group>";
		};
		843501DE23B247A300D505F1 = {
			isa = PBXGroup;
			children = (
				843501E923B247A300D505F1 /* IMHeartRateMonitorExample */,
				843501E823B247A300D505F1 /* Products */,
				F0A333AEDEFDE43DF9F8F243 /* Pods */,
				646363C2ED283739DE72C095 /* Frameworks */,
			);
			sourceTree = "<group>";
		};
		843501E823B247A300D505F1 /* Products */ = {
			isa = PBXGroup;
			children = (
				843501E723B247A300D505F1 /* IMHeartRateMonitorExample.app */,
			);
			name = Products;
			sourceTree = "<group>";
		};
		843501E923B247A300D505F1 /* IMHeartRateMonitorExample */ = {
			isa = PBXGroup;
			children = (
				8435020223B2484000D505F1 /* DeviceTableViewCell */,
				843501EA23B247A300D505F1 /* AppDelegate.swift */,
				843501FE23B2480200D505F1 /* Main.storyboard */,
				84F8B84523B38CA000078500 /* IMHeartRateMonitor.swift */,
				8435020023B2481100D505F1 /* ViewController.swift */,
				843501F323B247A300D505F1 /* Assets.xcassets */,
				843501F523B247A300D505F1 /* LaunchScreen.storyboard */,
				843501F823B247A300D505F1 /* Info.plist */,
			);
			path = IMHeartRateMonitorExample;
			sourceTree = "<group>";
		};
		8435020223B2484000D505F1 /* DeviceTableViewCell */ = {
			isa = PBXGroup;
			children = (
				8435020323B2484000D505F1 /* DeviceTableViewCell.xib */,
				8435020423B2484000D505F1 /* DeviceTableViewCell.swift */,
			);
			path = DeviceTableViewCell;
			sourceTree = "<group>";
		};
		F0A333AEDEFDE43DF9F8F243 /* Pods */ = {
			isa = PBXGroup;
			children = (
				CFDF29AD6B04B10DB7DB600E /* Pods-IMHeartRateMonitorExample.debug.xcconfig */,
				2E56B187DEA10BFEA1221583 /* Pods-IMHeartRateMonitorExample.release.xcconfig */,
			);
			path = Pods;
			sourceTree = "<group>";
		};
/* End PBXGroup section */

/* Begin PBXNativeTarget section */
		843501E623B247A300D505F1 /* IMHeartRateMonitorExample */ = {
			isa = PBXNativeTarget;
			buildConfigurationList = 843501FB23B247A300D505F1 /* Build configuration list for PBXNativeTarget "IMHeartRateMonitorExample" */;
			buildPhases = (
				EF3E1E029A74D53D447FEC7B /* [CP] Check Pods Manifest.lock */,
				843501E323B247A300D505F1 /* Sources */,
				843501E423B247A300D505F1 /* Frameworks */,
				843501E523B247A300D505F1 /* Resources */,
			);
			buildRules = (
			);
			dependencies = (
			);
			name = IMHeartRateMonitorExample;
			productName = IMHeartRateMonitorExample;
			productReference = 843501E723B247A300D505F1 /* IMHeartRateMonitorExample.app */;
			productType = "com.apple.product-type.application";
		};
/* End PBXNativeTarget section */

/* Begin PBXProject section */
		843501DF23B247A300D505F1 /* Project object */ = {
			isa = PBXProject;
			attributes = {
				LastSwiftUpdateCheck = 1120;
				LastUpgradeCheck = 1120;
				ORGANIZATIONNAME = IgorMakara;
				TargetAttributes = {
					843501E623B247A300D505F1 = {
						CreatedOnToolsVersion = 11.2.1;
					};
				};
			};
			buildConfigurationList = 843501E223B247A300D505F1 /* Build configuration list for PBXProject "IMHeartRateMonitorExample" */;
			compatibilityVersion = "Xcode 9.3";
			developmentRegion = en;
			hasScannedForEncodings = 0;
			knownRegions = (
				en,
				Base,
			);
			mainGroup = 843501DE23B247A300D505F1;
			productRefGroup = 843501E823B247A300D505F1 /* Products */;
			projectDirPath = "";
			projectRoot = "";
			targets = (
				843501E623B247A300D505F1 /* IMHeartRateMonitorExample */,
			);
		};
/* End PBXProject section */

/* Begin PBXResourcesBuildPhase section */
		843501E523B247A300D505F1 /* Resources */ = {
			isa = PBXResourcesBuildPhase;
			buildActionMask = 2147483647;
			files = (
				843501FF23B2480200D505F1 /* Main.storyboard in Resources */,
				843501F723B247A300D505F1 /* LaunchScreen.storyboard in Resources */,
				843501F423B247A300D505F1 /* Assets.xcassets in Resources */,
				8435020523B2484000D505F1 /* DeviceTableViewCell.xib in Resources */,
			);
			runOnlyForDeploymentPostprocessing = 0;
		};
/* End PBXResourcesBuildPhase section */

/* Begin PBXShellScriptBuildPhase section */
		EF3E1E029A74D53D447FEC7B /* [CP] Check Pods Manifest.lock */ = {
			isa = PBXShellScriptBuildPhase;
			buildActionMask = 2147483647;
			files = (
			);
			inputFileListPaths = (
			);
			inputPaths = (
				"${PODS_PODFILE_DIR_PATH}/Podfile.lock",
				"${PODS_ROOT}/Manifest.lock",
			);
			name = "[CP] Check Pods Manifest.lock";
			outputFileListPaths = (
			);
			outputPaths = (
				"$(DERIVED_FILE_DIR)/Pods-IMHeartRateMonitorExample-checkManifestLockResult.txt",
			);
			runOnlyForDeploymentPostprocessing = 0;
			shellPath = /bin/sh;
			shellScript = "diff \"${PODS_PODFILE_DIR_PATH}/Podfile.lock\" \"${PODS_ROOT}/Manifest.lock\" > /dev/null\nif [ $? != 0 ] ; then\n    # print error to STDERR\n    echo \"error: The sandbox is not in sync with the Podfile.lock. Run 'pod install' or update your CocoaPods installation.\" >&2\n    exit 1\nfi\n# This output is used by Xcode 'outputs' to avoid re-running this script phase.\necho \"SUCCESS\" > \"${SCRIPT_OUTPUT_FILE_0}\"\n";
			showEnvVarsInLog = 0;
		};
/* End PBXShellScriptBuildPhase section */

/* Begin PBXSourcesBuildPhase section */
		843501E323B247A300D505F1 /* Sources */ = {
			isa = PBXSourcesBuildPhase;
			buildActionMask = 2147483647;
			files = (
				8435020123B2481100D505F1 /* ViewController.swift in Sources */,
				8435020623B2484000D505F1 /* DeviceTableViewCell.swift in Sources */,
				843501EB23B247A300D505F1 /* AppDelegate.swift in Sources */,
			);
			runOnlyForDeploymentPostprocessing = 0;
		};
/* End PBXSourcesBuildPhase section */

/* Begin PBXVariantGroup section */
		843501F523B247A300D505F1 /* LaunchScreen.storyboard */ = {
			isa = PBXVariantGroup;
			children = (
				843501F623B247A300D505F1 /* Base */,
			);
			name = LaunchScreen.storyboard;
			sourceTree = "<group>";
		};
/* End PBXVariantGroup section */

/* Begin XCBuildConfiguration section */
		843501F923B247A300D505F1 /* Debug */ = {
			isa = XCBuildConfiguration;
			buildSettings = {
				ALWAYS_SEARCH_USER_PATHS = NO;
				CLANG_ANALYZER_NONNULL = YES;
				CLANG_ANALYZER_NUMBER_OBJECT_CONVERSION = YES_AGGRESSIVE;
				CLANG_CXX_LANGUAGE_STANDARD = "gnu++14";
				CLANG_CXX_LIBRARY = "libc++";
				CLANG_ENABLE_MODULES = YES;
				CLANG_ENABLE_OBJC_ARC = YES;
				CLANG_ENABLE_OBJC_WEAK = YES;
				CLANG_WARN_BLOCK_CAPTURE_AUTORELEASING = YES;
				CLANG_WARN_BOOL_CONVERSION = YES;
				CLANG_WARN_COMMA = YES;
				CLANG_WARN_CONSTANT_CONVERSION = YES;
				CLANG_WARN_DEPRECATED_OBJC_IMPLEMENTATIONS = YES;
				CLANG_WARN_DIRECT_OBJC_ISA_USAGE = YES_ERROR;
				CLANG_WARN_DOCUMENTATION_COMMENTS = YES;
				CLANG_WARN_EMPTY_BODY = YES;
				CLANG_WARN_ENUM_CONVERSION = YES;
				CLANG_WARN_INFINITE_RECURSION = YES;
				CLANG_WARN_INT_CONVERSION = YES;
				CLANG_WARN_NON_LITERAL_NULL_CONVERSION = YES;
				CLANG_WARN_OBJC_IMPLICIT_RETAIN_SELF = YES;
				CLANG_WARN_OBJC_LITERAL_CONVERSION = YES;
				CLANG_WARN_OBJC_ROOT_CLASS = YES_ERROR;
				CLANG_WARN_RANGE_LOOP_ANALYSIS = YES;
				CLANG_WARN_STRICT_PROTOTYPES = YES;
				CLANG_WARN_SUSPICIOUS_MOVE = YES;
				CLANG_WARN_UNGUARDED_AVAILABILITY = YES_AGGRESSIVE;
				CLANG_WARN_UNREACHABLE_CODE = YES;
				CLANG_WARN__DUPLICATE_METHOD_MATCH = YES;
				COPY_PHASE_STRIP = NO;
				DEBUG_INFORMATION_FORMAT = dwarf;
				ENABLE_STRICT_OBJC_MSGSEND = YES;
				ENABLE_TESTABILITY = YES;
				GCC_C_LANGUAGE_STANDARD = gnu11;
				GCC_DYNAMIC_NO_PIC = NO;
				GCC_NO_COMMON_BLOCKS = YES;
				GCC_OPTIMIZATION_LEVEL = 0;
				GCC_PREPROCESSOR_DEFINITIONS = (
					"DEBUG=1",
					"$(inherited)",
				);
				GCC_WARN_64_TO_32_BIT_CONVERSION = YES;
				GCC_WARN_ABOUT_RETURN_TYPE = YES_ERROR;
				GCC_WARN_UNDECLARED_SELECTOR = YES;
				GCC_WARN_UNINITIALIZED_AUTOS = YES_AGGRESSIVE;
				GCC_WARN_UNUSED_FUNCTION = YES;
				GCC_WARN_UNUSED_VARIABLE = YES;
				IPHONEOS_DEPLOYMENT_TARGET = 13.2;
				MTL_ENABLE_DEBUG_INFO = INCLUDE_SOURCE;
				MTL_FAST_MATH = YES;
				ONLY_ACTIVE_ARCH = YES;
				SDKROOT = iphoneos;
				SWIFT_ACTIVE_COMPILATION_CONDITIONS = DEBUG;
				SWIFT_OPTIMIZATION_LEVEL = "-Onone";
			};
			name = Debug;
		};
		843501FA23B247A300D505F1 /* Release */ = {
			isa = XCBuildConfiguration;
			buildSettings = {
				ALWAYS_SEARCH_USER_PATHS = NO;
				CLANG_ANALYZER_NONNULL = YES;
				CLANG_ANALYZER_NUMBER_OBJECT_CONVERSION = YES_AGGRESSIVE;
				CLANG_CXX_LANGUAGE_STANDARD = "gnu++14";
				CLANG_CXX_LIBRARY = "libc++";
				CLANG_ENABLE_MODULES = YES;
				CLANG_ENABLE_OBJC_ARC = YES;
				CLANG_ENABLE_OBJC_WEAK = YES;
				CLANG_WARN_BLOCK_CAPTURE_AUTORELEASING = YES;
				CLANG_WARN_BOOL_CONVERSION = YES;
				CLANG_WARN_COMMA = YES;
				CLANG_WARN_CONSTANT_CONVERSION = YES;
				CLANG_WARN_DEPRECATED_OBJC_IMPLEMENTATIONS = YES;
				CLANG_WARN_DIRECT_OBJC_ISA_USAGE = YES_ERROR;
				CLANG_WARN_DOCUMENTATION_COMMENTS = YES;
				CLANG_WARN_EMPTY_BODY = YES;
				CLANG_WARN_ENUM_CONVERSION = YES;
				CLANG_WARN_INFINITE_RECURSION = YES;
				CLANG_WARN_INT_CONVERSION = YES;
				CLANG_WARN_NON_LITERAL_NULL_CONVERSION = YES;
				CLANG_WARN_OBJC_IMPLICIT_RETAIN_SELF = YES;
				CLANG_WARN_OBJC_LITERAL_CONVERSION = YES;
				CLANG_WARN_OBJC_ROOT_CLASS = YES_ERROR;
				CLANG_WARN_RANGE_LOOP_ANALYSIS = YES;
				CLANG_WARN_STRICT_PROTOTYPES = YES;
				CLANG_WARN_SUSPICIOUS_MOVE = YES;
				CLANG_WARN_UNGUARDED_AVAILABILITY = YES_AGGRESSIVE;
				CLANG_WARN_UNREACHABLE_CODE = YES;
				CLANG_WARN__DUPLICATE_METHOD_MATCH = YES;
				COPY_PHASE_STRIP = NO;
				DEBUG_INFORMATION_FORMAT = "dwarf-with-dsym";
				ENABLE_NS_ASSERTIONS = NO;
				ENABLE_STRICT_OBJC_MSGSEND = YES;
				GCC_C_LANGUAGE_STANDARD = gnu11;
				GCC_NO_COMMON_BLOCKS = YES;
				GCC_WARN_64_TO_32_BIT_CONVERSION = YES;
				GCC_WARN_ABOUT_RETURN_TYPE = YES_ERROR;
				GCC_WARN_UNDECLARED_SELECTOR = YES;
				GCC_WARN_UNINITIALIZED_AUTOS = YES_AGGRESSIVE;
				GCC_WARN_UNUSED_FUNCTION = YES;
				GCC_WARN_UNUSED_VARIABLE = YES;
				IPHONEOS_DEPLOYMENT_TARGET = 13.2;
				MTL_ENABLE_DEBUG_INFO = NO;
				MTL_FAST_MATH = YES;
				SDKROOT = iphoneos;
				SWIFT_COMPILATION_MODE = wholemodule;
				SWIFT_OPTIMIZATION_LEVEL = "-O";
				VALIDATE_PRODUCT = YES;
			};
			name = Release;
		};
		843501FC23B247A300D505F1 /* Debug */ = {
			isa = XCBuildConfiguration;
			baseConfigurationReference = CFDF29AD6B04B10DB7DB600E /* Pods-IMHeartRateMonitorExample.debug.xcconfig */;
			buildSettings = {
				ASSETCATALOG_COMPILER_APPICON_NAME = AppIcon;
				CODE_SIGN_IDENTITY = "iPhone Developer";
				CODE_SIGN_STYLE = Automatic;
				DEVELOPMENT_TEAM = 9FDKQ36M59;
				INFOPLIST_FILE = IMHeartRateMonitorExample/Info.plist;
				IPHONEOS_DEPLOYMENT_TARGET = 11.0;
				LD_RUNPATH_SEARCH_PATHS = (
					"$(inherited)",
					"@executable_path/Frameworks",
				);
				PRODUCT_BUNDLE_IDENTIFIER = IgorMakara.IMHeartRateMonitorExample1;
				PRODUCT_NAME = "$(TARGET_NAME)";
				PROVISIONING_PROFILE_SPECIFIER = "";
				SWIFT_VERSION = 5.0;
				TARGETED_DEVICE_FAMILY = "1,2";
			};
			name = Debug;
		};
		843501FD23B247A300D505F1 /* Release */ = {
			isa = XCBuildConfiguration;
			baseConfigurationReference = 2E56B187DEA10BFEA1221583 /* Pods-IMHeartRateMonitorExample.release.xcconfig */;
			buildSettings = {
				ASSETCATALOG_COMPILER_APPICON_NAME = AppIcon;
				CODE_SIGN_IDENTITY = "iPhone Developer";
				CODE_SIGN_STYLE = Automatic;
				DEVELOPMENT_TEAM = 9FDKQ36M59;
				INFOPLIST_FILE = IMHeartRateMonitorExample/Info.plist;
				IPHONEOS_DEPLOYMENT_TARGET = 11.0;
				LD_RUNPATH_SEARCH_PATHS = (
					"$(inherited)",
					"@executable_path/Frameworks",
				);
				PRODUCT_BUNDLE_IDENTIFIER = IgorMakara.IMHeartRateMonitorExample1;
				PRODUCT_NAME = "$(TARGET_NAME)";
				PROVISIONING_PROFILE_SPECIFIER = "";
				SWIFT_VERSION = 5.0;
				TARGETED_DEVICE_FAMILY = "1,2";
			};
			name = Release;
		};
/* End XCBuildConfiguration section */

/* Begin XCConfigurationList section */
		843501E223B247A300D505F1 /* Build configuration list for PBXProject "IMHeartRateMonitorExample" */ = {
			isa = XCConfigurationList;
			buildConfigurations = (
				843501F923B247A300D505F1 /* Debug */,
				843501FA23B247A300D505F1 /* Release */,
			);
			defaultConfigurationIsVisible = 0;
			defaultConfigurationName = Release;
		};
		843501FB23B247A300D505F1 /* Build configuration list for PBXNativeTarget "IMHeartRateMonitorExample" */ = {
			isa = XCConfigurationList;
			buildConfigurations = (
				843501FC23B247A300D505F1 /* Debug */,
				843501FD23B247A300D505F1 /* Release */,
			);
			defaultConfigurationIsVisible = 0;
			defaultConfigurationName = Release;
		};
/* End XCConfigurationList section */
	};
	rootObject = 843501DF23B247A300D505F1 /* Project object */;
}
